
Microsoft Visual Studio Solution File, Format Version 12.00
# Visual Studio Version 16
VisualStudioVersion = 16.0.30114.105
MinimumVisualStudioVersion = 10.0.40219.1
Project("{9A19103F-16F7-4668-BE54-9A1E7A4F7556}") = "HatidPress-PCL", "HatidPress-PCL.csproj", "{C2E74AD4-6EAA-4F04-B570-28BC90FFF41C}"
EndProject
Global
	GlobalSection(SolutionConfigurationPlatforms) = preSolution
		Debug|Any CPU = Debug|Any CPU
		Release|Any CPU = Release|Any CPU
	EndGlobalSection
	GlobalSection(ProjectConfigurationPlatforms) = postSolution
		{C2E74AD4-6EAA-4F04-B570-28BC90FFF41C}.Debug|Any CPU.ActiveCfg = Debug|Any CPU
		{C2E74AD4-6EAA-4F04-B570-28BC90FFF41C}.Debug|Any CPU.Build.0 = Debug|Any CPU
		{C2E74AD4-6EAA-4F04-B570-28BC90FFF41C}.Release|Any CPU.ActiveCfg = Release|Any CPU
		{C2E74AD4-6EAA-4F04-B570-28BC90FFF41C}.Release|Any CPU.Build.0 = Release|Any CPU
	EndGlobalSection
	GlobalSection(SolutionProperties) = preSolution
		HideSolutionNode = FALSE
	EndGlobalSection
	GlobalSection(ExtensibilityGlobals) = postSolution
		SolutionGuid = {C53D0AB3-972B-4602-B4C1-D715B16609B9}
	EndGlobalSection
EndGlobal
